
Microsoft Visual Studio Solution File, Format Version 12.00
# Visual Studio Version 17
VisualStudioVersion = 17.0.31903.59
MinimumVisualStudioVersion = 10.0.40219.1
Project("{FAE04EC0-301F-11D3-BF4B-00C04F79EFBC}") = "RTFleet.Shared.Common", "RTFleet.Shared.Common\RTFleet.Shared.Common.csproj", "{824DEC33-E841-4E9E-BF46-516155010A2C}"
EndProject
Global
	GlobalSection(SolutionConfigurationPlatforms) = preSolution
		Debug|Any CPU = Debug|Any CPU
		Release|Any CPU = Release|Any CPU
	EndGlobalSection
	GlobalSection(ProjectConfigurationPlatforms) = postSolution
		{824DEC33-E841-4E9E-BF46-516155010A2C}.Debug|Any CPU.ActiveCfg = Debug|Any CPU
		{824DEC33-E841-4E9E-BF46-516155010A2C}.Debug|Any CPU.Build.0 = Debug|Any CPU
		{824DEC33-E841-4E9E-BF46-516155010A2C}.Release|Any CPU.ActiveCfg = Release|Any CPU
		{824DEC33-E841-4E9E-BF46-516155010A2C}.Release|Any CPU.Build.0 = Release|Any CPU
	EndGlobalSection
	GlobalSection(SolutionProperties) = preSolution
		HideSolutionNode = FALSE
	EndGlobalSection
	GlobalSection(ExtensibilityGlobals) = postSolution
		SolutionGuid = {485B990B-0E29-4A80-927B-7AFF26274B2D}
	EndGlobalSection
EndGlobal
